// !$*UTF8*$!
{
	archiveVersion = 1;
	classes = {
	};
	objectVersion = 56;
	objects = {

/* Begin PBXBuildFile section */
		F3F204D42C0739030021D067 /* MyWordleApp.swift in Sources */ = {isa = PBXBuildFile; fileRef = F3F204D32C0739030021D067 /* MyWordleApp.swift */; };
		F3F204D62C0739030021D067 /* GameView.swift in Sources */ = {isa = PBXBuildFile; fileRef = F3F204D52C0739030021D067 /* GameView.swift */; };
		F3F204D82C07390F0021D067 /* Assets.xcassets in Resources */ = {isa = PBXBuildFile; fileRef = F3F204D72C07390F0021D067 /* Assets.xcassets */; };
		F3F204DB2C07390F0021D067 /* Preview Assets.xcassets in Resources */ = {isa = PBXBuildFile; fileRef = F3F204DA2C07390F0021D067 /* Preview Assets.xcassets */; };
		F3F204E22C073E0E0021D067 /* Launch Screen.storyboard in Resources */ = {isa = PBXBuildFile; fileRef = F3F204E12C073E0E0021D067 /* Launch Screen.storyboard */; };
		F3F204E82C0749110021D067 /* Guess.swift in Sources */ = {isa = PBXBuildFile; fileRef = F3F204E72C0749110021D067 /* Guess.swift */; };
		F3F204EB2C0751BE0021D067 /* GuessView.swift in Sources */ = {isa = PBXBuildFile; fileRef = F3F204EA2C0751BE0021D067 /* GuessView.swift */; };
		F3F204ED2C07577B0021D067 /* Color+Extension.swift in Sources */ = {isa = PBXBuildFile; fileRef = F3F204EC2C07577B0021D067 /* Color+Extension.swift */; };
		F3F204F02C0765E00021D067 /* WordleDataModel.swift in Sources */ = {isa = PBXBuildFile; fileRef = F3F204EF2C0765E00021D067 /* WordleDataModel.swift */; };
		F3F204F22C0768540021D067 /* Global.swift in Sources */ = {isa = PBXBuildFile; fileRef = F3F204F12C0768540021D067 /* Global.swift */; };
		F3F204F42C089E390021D067 /* LetterButtonView.swift in Sources */ = {isa = PBXBuildFile; fileRef = F3F204F32C089E390021D067 /* LetterButtonView.swift */; };
		F3F204F62C08A01B0021D067 /* KeyBoardView.swift in Sources */ = {isa = PBXBuildFile; fileRef = F3F204F52C08A01B0021D067 /* KeyBoardView.swift */; };
		F3F204FD2C08C59A0021D067 /* Shake.swift in Sources */ = {isa = PBXBuildFile; fileRef = F3F204FC2C08C59A0021D067 /* Shake.swift */; };
		F3F204FF2C09CFBB0021D067 /* FlipView.swift in Sources */ = {isa = PBXBuildFile; fileRef = F3F204FE2C09CFBB0021D067 /* FlipView.swift */; };
		F3F205012C0A06F30021D067 /* ToastView.swift in Sources */ = {isa = PBXBuildFile; fileRef = F3F205002C0A06F30021D067 /* ToastView.swift */; };
		F3F205032C0A60330021D067 /* Statistic.swift in Sources */ = {isa = PBXBuildFile; fileRef = F3F205022C0A60330021D067 /* Statistic.swift */; };
		F3F205052C0C1CC60021D067 /* StatsView.swift in Sources */ = {isa = PBXBuildFile; fileRef = F3F205042C0C1CC60021D067 /* StatsView.swift */; };
		F3F205072C0E080C0021D067 /* UIVWindow+Extension.swift in Sources */ = {isa = PBXBuildFile; fileRef = F3F205062C0E080C0021D067 /* UIVWindow+Extension.swift */; };
		F3F205092C0E0E420021D067 /* ColorScemeManager.swift in Sources */ = {isa = PBXBuildFile; fileRef = F3F205082C0E0E420021D067 /* ColorScemeManager.swift */; };
		F3F2050B2C0E438E0021D067 /* SettingsView.swift in Sources */ = {isa = PBXBuildFile; fileRef = F3F2050A2C0E438E0021D067 /* SettingsView.swift */; };
		F3F2050D2C0F45DA0021D067 /* HelpView.swift in Sources */ = {isa = PBXBuildFile; fileRef = F3F2050C2C0F45D90021D067 /* HelpView.swift */; };
/* End PBXBuildFile section */

/* Begin PBXFileReference section */
		F3F204D02C0739030021D067 /* MyWordle.app */ = {isa = PBXFileReference; explicitFileType = wrapper.application; includeInIndex = 0; path = MyWordle.app; sourceTree = BUILT_PRODUCTS_DIR; };
		F3F204D32C0739030021D067 /* MyWordleApp.swift */ = {isa = PBXFileReference; lastKnownFileType = sourcecode.swift; path = MyWordleApp.swift; sourceTree = "<group>"; };
		F3F204D52C0739030021D067 /* GameView.swift */ = {isa = PBXFileReference; lastKnownFileType = sourcecode.swift; path = GameView.swift; sourceTree = "<group>"; };
		F3F204D72C07390F0021D067 /* Assets.xcassets */ = {isa = PBXFileReference; lastKnownFileType = folder.assetcatalog; path = Assets.xcassets; sourceTree = "<group>"; };
		F3F204DA2C07390F0021D067 /* Preview Assets.xcassets */ = {isa = PBXFileReference; lastKnownFileType = folder.assetcatalog; path = "Preview Assets.xcassets"; sourceTree = "<group>"; };
		F3F204E12C073E0E0021D067 /* Launch Screen.storyboard */ = {isa = PBXFileReference; lastKnownFileType = file.storyboard; path = "Launch Screen.storyboard"; sourceTree = "<group>"; };
		F3F204E72C0749110021D067 /* Guess.swift */ = {isa = PBXFileReference; lastKnownFileType = sourcecode.swift; path = Guess.swift; sourceTree = "<group>"; };
		F3F204EA2C0751BE0021D067 /* GuessView.swift */ = {isa = PBXFileReference; lastKnownFileType = sourcecode.swift; path = GuessView.swift; sourceTree = "<group>"; };
		F3F204EC2C07577B0021D067 /* Color+Extension.swift */ = {isa = PBXFileReference; fileEncoding = 4; lastKnownFileType = sourcecode.swift; path = "Color+Extension.swift"; sourceTree = "<group>"; };
		F3F204EF2C0765E00021D067 /* WordleDataModel.swift */ = {isa = PBXFileReference; lastKnownFileType = sourcecode.swift; path = WordleDataModel.swift; sourceTree = "<group>"; };
		F3F204F12C0768540021D067 /* Global.swift */ = {isa = PBXFileReference; lastKnownFileType = sourcecode.swift; path = Global.swift; sourceTree = "<group>"; };
		F3F204F32C089E390021D067 /* LetterButtonView.swift */ = {isa = PBXFileReference; lastKnownFileType = sourcecode.swift; path = LetterButtonView.swift; sourceTree = "<group>"; };
		F3F204F52C08A01B0021D067 /* KeyBoardView.swift */ = {isa = PBXFileReference; lastKnownFileType = sourcecode.swift; path = KeyBoardView.swift; sourceTree = "<group>"; };
		F3F204FA2C08B4170021D067 /* WordleDev.playground */ = {isa = PBXFileReference; lastKnownFileType = file.playground; path = WordleDev.playground; sourceTree = "<group>"; xcLanguageSpecificationIdentifier = xcode.lang.swift; };
		F3F204FC2C08C59A0021D067 /* Shake.swift */ = {isa = PBXFileReference; lastKnownFileType = sourcecode.swift; path = Shake.swift; sourceTree = "<group>"; };
		F3F204FE2C09CFBB0021D067 /* FlipView.swift */ = {isa = PBXFileReference; lastKnownFileType = sourcecode.swift; path = FlipView.swift; sourceTree = "<group>"; };
		F3F205002C0A06F30021D067 /* ToastView.swift */ = {isa = PBXFileReference; lastKnownFileType = sourcecode.swift; path = ToastView.swift; sourceTree = "<group>"; };
		F3F205022C0A60330021D067 /* Statistic.swift */ = {isa = PBXFileReference; lastKnownFileType = sourcecode.swift; path = Statistic.swift; sourceTree = "<group>"; };
		F3F205042C0C1CC60021D067 /* StatsView.swift */ = {isa = PBXFileReference; lastKnownFileType = sourcecode.swift; path = StatsView.swift; sourceTree = "<group>"; };
		F3F205062C0E080C0021D067 /* UIVWindow+Extension.swift */ = {isa = PBXFileReference; lastKnownFileType = sourcecode.swift; path = "UIVWindow+Extension.swift"; sourceTree = "<group>"; };
		F3F205082C0E0E420021D067 /* ColorScemeManager.swift */ = {isa = PBXFileReference; lastKnownFileType = sourcecode.swift; path = ColorScemeManager.swift; sourceTree = "<group>"; };
		F3F2050A2C0E438E0021D067 /* SettingsView.swift */ = {isa = PBXFileReference; lastKnownFileType = sourcecode.swift; path = SettingsView.swift; sourceTree = "<group>"; };
		F3F2050C2C0F45D90021D067 /* HelpView.swift */ = {isa = PBXFileReference; lastKnownFileType = sourcecode.swift; path = HelpView.swift; sourceTree = "<group>"; };
/* End PBXFileReference section */

/* Begin PBXFrameworksBuildPhase section */
		F3F204CD2C0739030021D067 /* Frameworks */ = {
			isa = PBXFrameworksBuildPhase;
			buildActionMask = 2147483647;
			files = (
			);
			runOnlyForDeploymentPostprocessing = 0;
		};
/* End PBXFrameworksBuildPhase section */

/* Begin PBXGroup section */
		F3F204C72C0739030021D067 = {
			isa = PBXGroup;
			children = (
				F3F204D22C0739030021D067 /* MyWordle */,
				F3F204D12C0739030021D067 /* Products */,
			);
			sourceTree = "<group>";
		};
		F3F204D12C0739030021D067 /* Products */ = {
			isa = PBXGroup;
			children = (
				F3F204D02C0739030021D067 /* MyWordle.app */,
			);
			name = Products;
			sourceTree = "<group>";
		};
		F3F204D22C0739030021D067 /* MyWordle */ = {
			isa = PBXGroup;
			children = (
				F3F204FB2C08C58B0021D067 /* Animations */,
				F3F204F72C08B3E80021D067 /* Resources */,
				F3F204D32C0739030021D067 /* MyWordleApp.swift */,
				F3F204E62C0749020021D067 /* Models */,
				F3F204E32C0746910021D067 /* Extensions */,
				F3F204E92C0751AF0021D067 /* Views */,
				F3F204EE2C0765C90021D067 /* ViewModels */,
				F3F204D72C07390F0021D067 /* Assets.xcassets */,
				F3F204E12C073E0E0021D067 /* Launch Screen.storyboard */,
				F3F204D92C07390F0021D067 /* Preview Content */,
			);
			path = MyWordle;
			sourceTree = "<group>";
		};
		F3F204D92C07390F0021D067 /* Preview Content */ = {
			isa = PBXGroup;
			children = (
				F3F204DA2C07390F0021D067 /* Preview Assets.xcassets */,
			);
			path = "Preview Content";
			sourceTree = "<group>";
		};
		F3F204E32C0746910021D067 /* Extensions */ = {
			isa = PBXGroup;
			children = (
				F3F204EC2C07577B0021D067 /* Color+Extension.swift */,
				F3F205062C0E080C0021D067 /* UIVWindow+Extension.swift */,
			);
			path = Extensions;
			sourceTree = "<group>";
		};
		F3F204E62C0749020021D067 /* Models */ = {
			isa = PBXGroup;
			children = (
				F3F204E72C0749110021D067 /* Guess.swift */,
				F3F204F12C0768540021D067 /* Global.swift */,
				F3F205022C0A60330021D067 /* Statistic.swift */,
			);
			path = Models;
			sourceTree = "<group>";
		};
		F3F204E92C0751AF0021D067 /* Views */ = {
			isa = PBXGroup;
			children = (
				F3F204D52C0739030021D067 /* GameView.swift */,
				F3F204EA2C0751BE0021D067 /* GuessView.swift */,
				F3F204F32C089E390021D067 /* LetterButtonView.swift */,
				F3F204F52C08A01B0021D067 /* KeyBoardView.swift */,
				F3F205002C0A06F30021D067 /* ToastView.swift */,
				F3F205042C0C1CC60021D067 /* StatsView.swift */,
				F3F2050A2C0E438E0021D067 /* SettingsView.swift */,
				F3F2050C2C0F45D90021D067 /* HelpView.swift */,
			);
			path = Views;
			sourceTree = "<group>";
		};
		F3F204EE2C0765C90021D067 /* ViewModels */ = {
			isa = PBXGroup;
			children = (
				F3F204EF2C0765E00021D067 /* WordleDataModel.swift */,
				F3F205082C0E0E420021D067 /* ColorScemeManager.swift */,
			);
			path = ViewModels;
			sourceTree = "<group>";
		};
		F3F204F72C08B3E80021D067 /* Resources */ = {
			isa = PBXGroup;
			children = (
				F3F204FA2C08B4170021D067 /* WordleDev.playground */,
			);
			path = Resources;
			sourceTree = "<group>";
		};
		F3F204FB2C08C58B0021D067 /* Animations */ = {
			isa = PBXGroup;
			children = (
				F3F204FC2C08C59A0021D067 /* Shake.swift */,
				F3F204FE2C09CFBB0021D067 /* FlipView.swift */,
			);
			path = Animations;
			sourceTree = "<group>";
		};
/* End PBXGroup section */

/* Begin PBXNativeTarget section */
		F3F204CF2C0739030021D067 /* MyWordle */ = {
			isa = PBXNativeTarget;
			buildConfigurationList = F3F204DE2C07390F0021D067 /* Build configuration list for PBXNativeTarget "MyWordle" */;
			buildPhases = (
				F3F204CC2C0739030021D067 /* Sources */,
				F3F204CD2C0739030021D067 /* Frameworks */,
				F3F204CE2C0739030021D067 /* Resources */,
			);
			buildRules = (
			);
			dependencies = (
			);
			name = MyWordle;
			productName = MyWordle;
			productReference = F3F204D02C0739030021D067 /* MyWordle.app */;
			productType = "com.apple.product-type.application";
		};
/* End PBXNativeTarget section */

/* Begin PBXProject section */
		F3F204C82C0739030021D067 /* Project object */ = {
			isa = PBXProject;
			attributes = {
				BuildIndependentTargetsInParallel = 1;
				LastSwiftUpdateCheck = 1540;
				LastUpgradeCheck = 1540;
				TargetAttributes = {
					F3F204CF2C0739030021D067 = {
						CreatedOnToolsVersion = 15.4;
					};
				};
			};
			buildConfigurationList = F3F204CB2C0739030021D067 /* Build configuration list for PBXProject "MyWordle" */;
			compatibilityVersion = "Xcode 14.0";
			developmentRegion = en;
			hasScannedForEncodings = 0;
			knownRegions = (
				en,
				Base,
			);
			mainGroup = F3F204C72C0739030021D067;
			productRefGroup = F3F204D12C0739030021D067 /* Products */;
			projectDirPath = "";
			projectRoot = "";
			targets = (
				F3F204CF2C0739030021D067 /* MyWordle */,
			);
		};
/* End PBXProject section */

/* Begin PBXResourcesBuildPhase section */
		F3F204CE2C0739030021D067 /* Resources */ = {
			isa = PBXResourcesBuildPhase;
			buildActionMask = 2147483647;
			files = (
				F3F204E22C073E0E0021D067 /* Launch Screen.storyboard in Resources */,
				F3F204DB2C07390F0021D067 /* Preview Assets.xcassets in Resources */,
				F3F204D82C07390F0021D067 /* Assets.xcassets in Resources */,
			);
			runOnlyForDeploymentPostprocessing = 0;
		};
/* End PBXResourcesBuildPhase section */

/* Begin PBXSourcesBuildPhase section */
		F3F204CC2C0739030021D067 /* Sources */ = {
			isa = PBXSourcesBuildPhase;
			buildActionMask = 2147483647;
			files = (
				F3F204F42C089E390021D067 /* LetterButtonView.swift in Sources */,
				F3F204FF2C09CFBB0021D067 /* FlipView.swift in Sources */,
				F3F204D62C0739030021D067 /* GameView.swift in Sources */,
				F3F204ED2C07577B0021D067 /* Color+Extension.swift in Sources */,
				F3F205072C0E080C0021D067 /* UIVWindow+Extension.swift in Sources */,
				F3F2050B2C0E438E0021D067 /* SettingsView.swift in Sources */,
				F3F205012C0A06F30021D067 /* ToastView.swift in Sources */,
				F3F204F62C08A01B0021D067 /* KeyBoardView.swift in Sources */,
				F3F204EB2C0751BE0021D067 /* GuessView.swift in Sources */,
				F3F204E82C0749110021D067 /* Guess.swift in Sources */,
				F3F205092C0E0E420021D067 /* ColorScemeManager.swift in Sources */,
				F3F204FD2C08C59A0021D067 /* Shake.swift in Sources */,
				F3F204F02C0765E00021D067 /* WordleDataModel.swift in Sources */,
				F3F2050D2C0F45DA0021D067 /* HelpView.swift in Sources */,
				F3F204D42C0739030021D067 /* MyWordleApp.swift in Sources */,
				F3F204F22C0768540021D067 /* Global.swift in Sources */,
				F3F205052C0C1CC60021D067 /* StatsView.swift in Sources */,
				F3F205032C0A60330021D067 /* Statistic.swift in Sources */,
			);
			runOnlyForDeploymentPostprocessing = 0;
		};
/* End PBXSourcesBuildPhase section */

/* Begin XCBuildConfiguration section */
		F3F204DC2C07390F0021D067 /* Debug */ = {
			isa = XCBuildConfiguration;
			buildSettings = {
				ALWAYS_SEARCH_USER_PATHS = NO;
				ASSETCATALOG_COMPILER_GENERATE_SWIFT_ASSET_SYMBOL_EXTENSIONS = YES;
				CLANG_ANALYZER_NONNULL = YES;
				CLANG_ANALYZER_NUMBER_OBJECT_CONVERSION = YES_AGGRESSIVE;
				CLANG_CXX_LANGUAGE_STANDARD = "gnu++20";
				CLANG_ENABLE_MODULES = YES;
				CLANG_ENABLE_OBJC_ARC = YES;
				CLANG_ENABLE_OBJC_WEAK = YES;
				CLANG_WARN_BLOCK_CAPTURE_AUTORELEASING = YES;
				CLANG_WARN_BOOL_CONVERSION = YES;
				CLANG_WARN_COMMA = YES;
				CLANG_WARN_CONSTANT_CONVERSION = YES;
				CLANG_WARN_DEPRECATED_OBJC_IMPLEMENTATIONS = YES;
				CLANG_WARN_DIRECT_OBJC_ISA_USAGE = YES_ERROR;
				CLANG_WARN_DOCUMENTATION_COMMENTS = YES;
				CLANG_WARN_EMPTY_BODY = YES;
				CLANG_WARN_ENUM_CONVERSION = YES;
				CLANG_WARN_INFINITE_RECURSION = YES;
				CLANG_WARN_INT_CONVERSION = YES;
				CLANG_WARN_NON_LITERAL_NULL_CONVERSION = YES;
				CLANG_WARN_OBJC_IMPLICIT_RETAIN_SELF = YES;
				CLANG_WARN_OBJC_LITERAL_CONVERSION = YES;
				CLANG_WARN_OBJC_ROOT_CLASS = YES_ERROR;
				CLANG_WARN_QUOTED_INCLUDE_IN_FRAMEWORK_HEADER = YES;
				CLANG_WARN_RANGE_LOOP_ANALYSIS = YES;
				CLANG_WARN_STRICT_PROTOTYPES = YES;
				CLANG_WARN_SUSPICIOUS_MOVE = YES;
				CLANG_WARN_UNGUARDED_AVAILABILITY = YES_AGGRESSIVE;
				CLANG_WARN_UNREACHABLE_CODE = YES;
				CLANG_WARN__DUPLICATE_METHOD_MATCH = YES;
				COPY_PHASE_STRIP = NO;
				DEBUG_INFORMATION_FORMAT = dwarf;
				ENABLE_STRICT_OBJC_MSGSEND = YES;
				ENABLE_TESTABILITY = YES;
				ENABLE_USER_SCRIPT_SANDBOXING = YES;
				GCC_C_LANGUAGE_STANDARD = gnu17;
				GCC_DYNAMIC_NO_PIC = NO;
				GCC_NO_COMMON_BLOCKS = YES;
				GCC_OPTIMIZATION_LEVEL = 0;
				GCC_PREPROCESSOR_DEFINITIONS = (
					"DEBUG=1",
					"$(inherited)",
				);
				GCC_WARN_64_TO_32_BIT_CONVERSION = YES;
				GCC_WARN_ABOUT_RETURN_TYPE = YES_ERROR;
				GCC_WARN_UNDECLARED_SELECTOR = YES;
				GCC_WARN_UNINITIALIZED_AUTOS = YES_AGGRESSIVE;
				GCC_WARN_UNUSED_FUNCTION = YES;
				GCC_WARN_UNUSED_VARIABLE = YES;
				IPHONEOS_DEPLOYMENT_TARGET = 17.5;
				LOCALIZATION_PREFERS_STRING_CATALOGS = YES;
				MTL_ENABLE_DEBUG_INFO = INCLUDE_SOURCE;
				MTL_FAST_MATH = YES;
				ONLY_ACTIVE_ARCH = YES;
				SDKROOT = iphoneos;
				SWIFT_ACTIVE_COMPILATION_CONDITIONS = "DEBUG $(inherited)";
				SWIFT_OPTIMIZATION_LEVEL = "-Onone";
			};
			name = Debug;
		};
		F3F204DD2C07390F0021D067 /* Release */ = {
			isa = XCBuildConfiguration;
			buildSettings = {
				ALWAYS_SEARCH_USER_PATHS = NO;
				ASSETCATALOG_COMPILER_GENERATE_SWIFT_ASSET_SYMBOL_EXTENSIONS = YES;
				CLANG_ANALYZER_NONNULL = YES;
				CLANG_ANALYZER_NUMBER_OBJECT_CONVERSION = YES_AGGRESSIVE;
				CLANG_CXX_LANGUAGE_STANDARD = "gnu++20";
				CLANG_ENABLE_MODULES = YES;
				CLANG_ENABLE_OBJC_ARC = YES;
				CLANG_ENABLE_OBJC_WEAK = YES;
				CLANG_WARN_BLOCK_CAPTURE_AUTORELEASING = YES;
				CLANG_WARN_BOOL_CONVERSION = YES;
				CLANG_WARN_COMMA = YES;
				CLANG_WARN_CONSTANT_CONVERSION = YES;
				CLANG_WARN_DEPRECATED_OBJC_IMPLEMENTATIONS = YES;
				CLANG_WARN_DIRECT_OBJC_ISA_USAGE = YES_ERROR;
				CLANG_WARN_DOCUMENTATION_COMMENTS = YES;
				CLANG_WARN_EMPTY_BODY = YES;
				CLANG_WARN_ENUM_CONVERSION = YES;
				CLANG_WARN_INFINITE_RECURSION = YES;
				CLANG_WARN_INT_CONVERSION = YES;
				CLANG_WARN_NON_LITERAL_NULL_CONVERSION = YES;
				CLANG_WARN_OBJC_IMPLICIT_RETAIN_SELF = YES;
				CLANG_WARN_OBJC_LITERAL_CONVERSION = YES;
				CLANG_WARN_OBJC_ROOT_CLASS = YES_ERROR;
				CLANG_WARN_QUOTED_INCLUDE_IN_FRAMEWORK_HEADER = YES;
				CLANG_WARN_RANGE_LOOP_ANALYSIS = YES;
				CLANG_WARN_STRICT_PROTOTYPES = YES;
				CLANG_WARN_SUSPICIOUS_MOVE = YES;
				CLANG_WARN_UNGUARDED_AVAILABILITY = YES_AGGRESSIVE;
				CLANG_WARN_UNREACHABLE_CODE = YES;
				CLANG_WARN__DUPLICATE_METHOD_MATCH = YES;
				COPY_PHASE_STRIP = NO;
				DEBUG_INFORMATION_FORMAT = "dwarf-with-dsym";
				ENABLE_NS_ASSERTIONS = NO;
				ENABLE_STRICT_OBJC_MSGSEND = YES;
				ENABLE_USER_SCRIPT_SANDBOXING = YES;
				GCC_C_LANGUAGE_STANDARD = gnu17;
				GCC_NO_COMMON_BLOCKS = YES;
				GCC_WARN_64_TO_32_BIT_CONVERSION = YES;
				GCC_WARN_ABOUT_RETURN_TYPE = YES_ERROR;
				GCC_WARN_UNDECLARED_SELECTOR = YES;
				GCC_WARN_UNINITIALIZED_AUTOS = YES_AGGRESSIVE;
				GCC_WARN_UNUSED_FUNCTION = YES;
				GCC_WARN_UNUSED_VARIABLE = YES;
				IPHONEOS_DEPLOYMENT_TARGET = 17.5;
				LOCALIZATION_PREFERS_STRING_CATALOGS = YES;
				MTL_ENABLE_DEBUG_INFO = NO;
				MTL_FAST_MATH = YES;
				SDKROOT = iphoneos;
				SWIFT_COMPILATION_MODE = wholemodule;
				VALIDATE_PRODUCT = YES;
			};
			name = Release;
		};
		F3F204DF2C07390F0021D067 /* Debug */ = {
			isa = XCBuildConfiguration;
			buildSettings = {
				ASSETCATALOG_COMPILER_APPICON_NAME = AppIcon;
				ASSETCATALOG_COMPILER_GLOBAL_ACCENT_COLOR_NAME = AccentColor;
				CODE_SIGN_STYLE = Automatic;
				CURRENT_PROJECT_VERSION = 1;
				DEVELOPMENT_ASSET_PATHS = "\"MyWordle/Preview Content\"";
				DEVELOPMENT_TEAM = 5U5D54ZGDR;
				ENABLE_PREVIEWS = YES;
				GENERATE_INFOPLIST_FILE = YES;
				INFOPLIST_KEY_UIApplicationSceneManifest_Generation = YES;
				INFOPLIST_KEY_UIApplicationSupportsIndirectInputEvents = YES;
				INFOPLIST_KEY_UILaunchScreen_Generation = YES;
				INFOPLIST_KEY_UILaunchStoryboardName = "Launch Screen.storyboard";
				INFOPLIST_KEY_UIRequiresFullScreen = YES;
				INFOPLIST_KEY_UISupportedInterfaceOrientations_iPad = "UIInterfaceOrientationPortrait UIInterfaceOrientationPortraitUpsideDown UIInterfaceOrientationLandscapeLeft UIInterfaceOrientationLandscapeRight";
				INFOPLIST_KEY_UISupportedInterfaceOrientations_iPhone = UIInterfaceOrientationPortrait;
				IPHONEOS_DEPLOYMENT_TARGET = 17.5;
				LD_RUNPATH_SEARCH_PATHS = (
					"$(inherited)",
					"@executable_path/Frameworks",
				);
				MARKETING_VERSION = 1.0;
				PRODUCT_BUNDLE_IDENTIFIER = test.MyWordle;
				PRODUCT_NAME = "$(TARGET_NAME)";
				SWIFT_EMIT_LOC_STRINGS = YES;
				SWIFT_VERSION = 5.0;
				TARGETED_DEVICE_FAMILY = "1,2";
			};
			name = Debug;
		};
		F3F204E02C07390F0021D067 /* Release */ = {
			isa = XCBuildConfiguration;
			buildSettings = {
				ASSETCATALOG_COMPILER_APPICON_NAME = AppIcon;
				ASSETCATALOG_COMPILER_GLOBAL_ACCENT_COLOR_NAME = AccentColor;
				CODE_SIGN_STYLE = Automatic;
				CURRENT_PROJECT_VERSION = 1;
				DEVELOPMENT_ASSET_PATHS = "\"MyWordle/Preview Content\"";
				DEVELOPMENT_TEAM = 5U5D54ZGDR;
				ENABLE_PREVIEWS = YES;
				GENERATE_INFOPLIST_FILE = YES;
				INFOPLIST_KEY_UIApplicationSceneManifest_Generation = YES;
				INFOPLIST_KEY_UIApplicationSupportsIndirectInputEvents = YES;
				INFOPLIST_KEY_UILaunchScreen_Generation = YES;
				INFOPLIST_KEY_UILaunchStoryboardName = "Launch Screen.storyboard";
				INFOPLIST_KEY_UIRequiresFullScreen = YES;
				INFOPLIST_KEY_UISupportedInterfaceOrientations_iPad = "UIInterfaceOrientationPortrait UIInterfaceOrientationPortraitUpsideDown UIInterfaceOrientationLandscapeLeft UIInterfaceOrientationLandscapeRight";
				INFOPLIST_KEY_UISupportedInterfaceOrientations_iPhone = UIInterfaceOrientationPortrait;
				IPHONEOS_DEPLOYMENT_TARGET = 17.5;
				LD_RUNPATH_SEARCH_PATHS = (
					"$(inherited)",
					"@executable_path/Frameworks",
				);
				MARKETING_VERSION = 1.0;
				PRODUCT_BUNDLE_IDENTIFIER = test.MyWordle;
				PRODUCT_NAME = "$(TARGET_NAME)";
				SWIFT_EMIT_LOC_STRINGS = YES;
				SWIFT_VERSION = 5.0;
				TARGETED_DEVICE_FAMILY = "1,2";
			};
			name = Release;
		};
/* End XCBuildConfiguration section */

/* Begin XCConfigurationList section */
		F3F204CB2C0739030021D067 /* Build configuration list for PBXProject "MyWordle" */ = {
			isa = XCConfigurationList;
			buildConfigurations = (
				F3F204DC2C07390F0021D067 /* Debug */,
				F3F204DD2C07390F0021D067 /* Release */,
			);
			defaultConfigurationIsVisible = 0;
			defaultConfigurationName = Release;
		};
		F3F204DE2C07390F0021D067 /* Build configuration list for PBXNativeTarget "MyWordle" */ = {
			isa = XCConfigurationList;
			buildConfigurations = (
				F3F204DF2C07390F0021D067 /* Debug */,
				F3F204E02C07390F0021D067 /* Release */,
			);
			defaultConfigurationIsVisible = 0;
			defaultConfigurationName = Release;
		};
/* End XCConfigurationList section */
	};
	rootObject = F3F204C82C0739030021D067 /* Project object */;
}
